
Microsoft Visual Studio Solution File, Format Version 12.00
# Visual Studio Version 16
VisualStudioVersion = 16.0.30114.105
MinimumVisualStudioVersion = 10.0.40219.1
Project("{FAE04EC0-301F-11D3-BF4B-00C04F79EFBC}") = "App.Core", "App.Core\App.Core.csproj", "{1D5FAE57-6A8F-482F-B575-24656960737A}"
EndProject
Project("{FAE04EC0-301F-11D3-BF4B-00C04F79EFBC}") = "App.Data", "App.Data\App.Data.csproj", "{D1F06352-5939-4408-A176-050249337507}"
EndProject
Project("{FAE04EC0-301F-11D3-BF4B-00C04F79EFBC}") = "App.Models", "App.Models\App.Models.csproj", "{EBF35BF0-F152-4854-8DE7-1706AFB2E16E}"
EndProject
Project("{FAE04EC0-301F-11D3-BF4B-00C04F79EFBC}") = "App.Seed", "App.Seed\App.Seed.csproj", "{B3F05E0C-AB86-4B91-AA99-4B1CB43668D4}"
EndProject
Project("{FAE04EC0-301F-11D3-BF4B-00C04F79EFBC}") = "App.Services", "App.Services\App.Services.csproj", "{EFF953FC-D492-4368-8D38-B674492883DF}"
EndProject
Project("{FAE04EC0-301F-11D3-BF4B-00C04F79EFBC}") = "App.Tests", "App.Tests\App.Tests.csproj", "{98ADBD36-345B-4FA3-8AFA-AD9E906783DE}"
EndProject
Project("{FAE04EC0-301F-11D3-BF4B-00C04F79EFBC}") = "App.Web", "App.Web\App.Web.csproj", "{95575733-D286-4586-BC3E-F96DF8AEC9D4}"
EndProject
Global
	GlobalSection(SolutionConfigurationPlatforms) = preSolution
		Debug|Any CPU = Debug|Any CPU
		Release|Any CPU = Release|Any CPU
	EndGlobalSection
	GlobalSection(SolutionProperties) = preSolution
		HideSolutionNode = FALSE
	EndGlobalSection
	GlobalSection(ProjectConfigurationPlatforms) = postSolution
		{1D5FAE57-6A8F-482F-B575-24656960737A}.Debug|Any CPU.ActiveCfg = Debug|Any CPU
		{1D5FAE57-6A8F-482F-B575-24656960737A}.Debug|Any CPU.Build.0 = Debug|Any CPU
		{1D5FAE57-6A8F-482F-B575-24656960737A}.Release|Any CPU.ActiveCfg = Release|Any CPU
		{1D5FAE57-6A8F-482F-B575-24656960737A}.Release|Any CPU.Build.0 = Release|Any CPU
		{D1F06352-5939-4408-A176-050249337507}.Debug|Any CPU.ActiveCfg = Debug|Any CPU
		{D1F06352-5939-4408-A176-050249337507}.Debug|Any CPU.Build.0 = Debug|Any CPU
		{D1F06352-5939-4408-A176-050249337507}.Release|Any CPU.ActiveCfg = Release|Any CPU
		{D1F06352-5939-4408-A176-050249337507}.Release|Any CPU.Build.0 = Release|Any CPU
		{EBF35BF0-F152-4854-8DE7-1706AFB2E16E}.Debug|Any CPU.ActiveCfg = Debug|Any CPU
		{EBF35BF0-F152-4854-8DE7-1706AFB2E16E}.Debug|Any CPU.Build.0 = Debug|Any CPU
		{EBF35BF0-F152-4854-8DE7-1706AFB2E16E}.Release|Any CPU.ActiveCfg = Release|Any CPU
		{EBF35BF0-F152-4854-8DE7-1706AFB2E16E}.Release|Any CPU.Build.0 = Release|Any CPU
		{B3F05E0C-AB86-4B91-AA99-4B1CB43668D4}.Debug|Any CPU.ActiveCfg = Debug|Any CPU
		{B3F05E0C-AB86-4B91-AA99-4B1CB43668D4}.Debug|Any CPU.Build.0 = Debug|Any CPU
		{B3F05E0C-AB86-4B91-AA99-4B1CB43668D4}.Release|Any CPU.ActiveCfg = Release|Any CPU
		{B3F05E0C-AB86-4B91-AA99-4B1CB43668D4}.Release|Any CPU.Build.0 = Release|Any CPU
		{EFF953FC-D492-4368-8D38-B674492883DF}.Debug|Any CPU.ActiveCfg = Debug|Any CPU
		{EFF953FC-D492-4368-8D38-B674492883DF}.Debug|Any CPU.Build.0 = Debug|Any CPU
		{EFF953FC-D492-4368-8D38-B674492883DF}.Release|Any CPU.ActiveCfg = Release|Any CPU
		{EFF953FC-D492-4368-8D38-B674492883DF}.Release|Any CPU.Build.0 = Release|Any CPU
		{98ADBD36-345B-4FA3-8AFA-AD9E906783DE}.Debug|Any CPU.ActiveCfg = Debug|Any CPU
		{98ADBD36-345B-4FA3-8AFA-AD9E906783DE}.Debug|Any CPU.Build.0 = Debug|Any CPU
		{98ADBD36-345B-4FA3-8AFA-AD9E906783DE}.Release|Any CPU.ActiveCfg = Release|Any CPU
		{98ADBD36-345B-4FA3-8AFA-AD9E906783DE}.Release|Any CPU.Build.0 = Release|Any CPU
		{95575733-D286-4586-BC3E-F96DF8AEC9D4}.Debug|Any CPU.ActiveCfg = Debug|Any CPU
		{95575733-D286-4586-BC3E-F96DF8AEC9D4}.Debug|Any CPU.Build.0 = Debug|Any CPU
		{95575733-D286-4586-BC3E-F96DF8AEC9D4}.Release|Any CPU.ActiveCfg = Release|Any CPU
		{95575733-D286-4586-BC3E-F96DF8AEC9D4}.Release|Any CPU.Build.0 = Release|Any CPU
	EndGlobalSection
EndGlobal
